
Microsoft Visual Studio Solution File, Format Version 12.00
# Visual Studio 15
VisualStudioVersion = 15.0.28010.2048
MinimumVisualStudioVersion = 10.0.40219.1
Project("{FAE04EC0-301F-11D3-BF4B-00C04F79EFBC}") = "RockPaperScissorsGame", "RockPaperScissorsGame\RockPaperScissorsGame.csproj", "{B136123A-E89F-4BC3-8D26-F014AE838567}"
EndProject
Global
	GlobalSection(SolutionConfigurationPlatforms) = preSolution
		Debug|Any CPU = Debug|Any CPU
		Release|Any CPU = Release|Any CPU
	EndGlobalSection
	GlobalSection(ProjectConfigurationPlatforms) = postSolution
		{B136123A-E89F-4BC3-8D26-F014AE838567}.Debug|Any CPU.ActiveCfg = Debug|Any CPU
		{B136123A-E89F-4BC3-8D26-F014AE838567}.Debug|Any CPU.Build.0 = Debug|Any CPU
		{B136123A-E89F-4BC3-8D26-F014AE838567}.Release|Any CPU.ActiveCfg = Release|Any CPU
		{B136123A-E89F-4BC3-8D26-F014AE838567}.Release|Any CPU.Build.0 = Release|Any CPU
	EndGlobalSection
	GlobalSection(SolutionProperties) = preSolution
		HideSolutionNode = FALSE
	EndGlobalSection
	GlobalSection(ExtensibilityGlobals) = postSolution
		SolutionGuid = {2D92CA6C-4810-48A3-B527-C50F1FF35DA6}
	EndGlobalSection
EndGlobal
